// !$*UTF8*$!
{
	archiveVersion = 1;
	classes = {
	};
	objectVersion = 56;
	objects = {

/* Begin PBXBuildFile section */
		59A101DA29BAA285000CB149 /* experimental_areaApp.swift in Sources */ = {isa = PBXBuildFile; fileRef = 59A101D929BAA285000CB149 /* experimental_areaApp.swift */; };
		59A101DC29BAA285000CB149 /* ContentView.swift in Sources */ = {isa = PBXBuildFile; fileRef = 59A101DB29BAA285000CB149 /* ContentView.swift */; };
		59A101DE29BAA287000CB149 /* Assets.xcassets in Resources */ = {isa = PBXBuildFile; fileRef = 59A101DD29BAA287000CB149 /* Assets.xcassets */; };
		59A101E129BAA287000CB149 /* Preview Assets.xcassets in Resources */ = {isa = PBXBuildFile; fileRef = 59A101E029BAA287000CB149 /* Preview Assets.xcassets */; };
		59A101EB29BAA287000CB149 /* experimental_areaTests.swift in Sources */ = {isa = PBXBuildFile; fileRef = 59A101EA29BAA287000CB149 /* experimental_areaTests.swift */; };
		59A101F529BAA287000CB149 /* experimental_areaUITests.swift in Sources */ = {isa = PBXBuildFile; fileRef = 59A101F429BAA287000CB149 /* experimental_areaUITests.swift */; };
		59A101F729BAA287000CB149 /* experimental_areaUITestsLaunchTests.swift in Sources */ = {isa = PBXBuildFile; fileRef = 59A101F629BAA287000CB149 /* experimental_areaUITestsLaunchTests.swift */; };
/* End PBXBuildFile section */

/* Begin PBXContainerItemProxy section */
		59A101E729BAA287000CB149 /* PBXContainerItemProxy */ = {
			isa = PBXContainerItemProxy;
			containerPortal = 59A101CE29BAA285000CB149 /* Project object */;
			proxyType = 1;
			remoteGlobalIDString = 59A101D529BAA285000CB149;
			remoteInfo = "experimental area";
		};
		59A101F129BAA287000CB149 /* PBXContainerItemProxy */ = {
			isa = PBXContainerItemProxy;
			containerPortal = 59A101CE29BAA285000CB149 /* Project object */;
			proxyType = 1;
			remoteGlobalIDString = 59A101D529BAA285000CB149;
			remoteInfo = "experimental area";
		};
/* End PBXContainerItemProxy section */

/* Begin PBXFileReference section */
		59A101D629BAA285000CB149 /* experimental area.app */ = {isa = PBXFileReference; explicitFileType = wrapper.application; includeInIndex = 0; path = "experimental area.app"; sourceTree = BUILT_PRODUCTS_DIR; };
		59A101D929BAA285000CB149 /* experimental_areaApp.swift */ = {isa = PBXFileReference; lastKnownFileType = sourcecode.swift; path = experimental_areaApp.swift; sourceTree = "<group>"; };
		59A101DB29BAA285000CB149 /* ContentView.swift */ = {isa = PBXFileReference; lastKnownFileType = sourcecode.swift; path = ContentView.swift; sourceTree = "<group>"; };
		59A101DD29BAA287000CB149 /* Assets.xcassets */ = {isa = PBXFileReference; lastKnownFileType = folder.assetcatalog; path = Assets.xcassets; sourceTree = "<group>"; };
		59A101E029BAA287000CB149 /* Preview Assets.xcassets */ = {isa = PBXFileReference; lastKnownFileType = folder.assetcatalog; path = "Preview Assets.xcassets"; sourceTree = "<group>"; };
		59A101E629BAA287000CB149 /* experimental areaTests.xctest */ = {isa = PBXFileReference; explicitFileType = wrapper.cfbundle; includeInIndex = 0; path = "experimental areaTests.xctest"; sourceTree = BUILT_PRODUCTS_DIR; };
		59A101EA29BAA287000CB149 /* experimental_areaTests.swift */ = {isa = PBXFileReference; lastKnownFileType = sourcecode.swift; path = experimental_areaTests.swift; sourceTree = "<group>"; };
		59A101F029BAA287000CB149 /* experimental areaUITests.xctest */ = {isa = PBXFileReference; explicitFileType = wrapper.cfbundle; includeInIndex = 0; path = "experimental areaUITests.xctest"; sourceTree = BUILT_PRODUCTS_DIR; };
		59A101F429BAA287000CB149 /* experimental_areaUITests.swift */ = {isa = PBXFileReference; lastKnownFileType = sourcecode.swift; path = experimental_areaUITests.swift; sourceTree = "<group>"; };
		59A101F629BAA287000CB149 /* experimental_areaUITestsLaunchTests.swift */ = {isa = PBXFileReference; lastKnownFileType = sourcecode.swift; path = experimental_areaUITestsLaunchTests.swift; sourceTree = "<group>"; };
/* End PBXFileReference section */

/* Begin PBXFrameworksBuildPhase section */
		59A101D329BAA285000CB149 /* Frameworks */ = {
			isa = PBXFrameworksBuildPhase;
			buildActionMask = 2147483647;
			files = (
			);
			runOnlyForDeploymentPostprocessing = 0;
		};
		59A101E329BAA287000CB149 /* Frameworks */ = {
			isa = PBXFrameworksBuildPhase;
			buildActionMask = 2147483647;
			files = (
			);
			runOnlyForDeploymentPostprocessing = 0;
		};
		59A101ED29BAA287000CB149 /* Frameworks */ = {
			isa = PBXFrameworksBuildPhase;
			buildActionMask = 2147483647;
			files = (
			);
			runOnlyForDeploymentPostprocessing = 0;
		};
/* End PBXFrameworksBuildPhase section */

/* Begin PBXGroup section */
		59A101CD29BAA285000CB149 = {
			isa = PBXGroup;
			children = (
				59A101D829BAA285000CB149 /* experimental area */,
				59A101E929BAA287000CB149 /* experimental areaTests */,
				59A101F329BAA287000CB149 /* experimental areaUITests */,
				59A101D729BAA285000CB149 /* Products */,
			);
			sourceTree = "<group>";
		};
		59A101D729BAA285000CB149 /* Products */ = {
			isa = PBXGroup;
			children = (
				59A101D629BAA285000CB149 /* experimental area.app */,
				59A101E629BAA287000CB149 /* experimental areaTests.xctest */,
				59A101F029BAA287000CB149 /* experimental areaUITests.xctest */,
			);
			name = Products;
			sourceTree = "<group>";
		};
		59A101D829BAA285000CB149 /* experimental area */ = {
			isa = PBXGroup;
			children = (
				59A101D929BAA285000CB149 /* experimental_areaApp.swift */,
				59A101DB29BAA285000CB149 /* ContentView.swift */,
				59A101DD29BAA287000CB149 /* Assets.xcassets */,
				59A101DF29BAA287000CB149 /* Preview Content */,
			);
			path = "experimental area";
			sourceTree = "<group>";
		};
		59A101DF29BAA287000CB149 /* Preview Content */ = {
			isa = PBXGroup;
			children = (
				59A101E029BAA287000CB149 /* Preview Assets.xcassets */,
			);
			path = "Preview Content";
			sourceTree = "<group>";
		};
		59A101E929BAA287000CB149 /* experimental areaTests */ = {
			isa = PBXGroup;
			children = (
				59A101EA29BAA287000CB149 /* experimental_areaTests.swift */,
			);
			path = "experimental areaTests";
			sourceTree = "<group>";
		};
		59A101F329BAA287000CB149 /* experimental areaUITests */ = {
			isa = PBXGroup;
			children = (
				59A101F429BAA287000CB149 /* experimental_areaUITests.swift */,
				59A101F629BAA287000CB149 /* experimental_areaUITestsLaunchTests.swift */,
			);
			path = "experimental areaUITests";
			sourceTree = "<group>";
		};
/* End PBXGroup section */

/* Begin PBXNativeTarget section */
		59A101D529BAA285000CB149 /* experimental area */ = {
			isa = PBXNativeTarget;
			buildConfigurationList = 59A101FA29BAA287000CB149 /* Build configuration list for PBXNativeTarget "experimental area" */;
			buildPhases = (
				59A101D229BAA285000CB149 /* Sources */,
				59A101D329BAA285000CB149 /* Frameworks */,
				59A101D429BAA285000CB149 /* Resources */,
			);
			buildRules = (
			);
			dependencies = (
			);
			name = "experimental area";
			productName = "experimental area";
			productReference = 59A101D629BAA285000CB149 /* experimental area.app */;
			productType = "com.apple.product-type.application";
		};
		59A101E529BAA287000CB149 /* experimental areaTests */ = {
			isa = PBXNativeTarget;
			buildConfigurationList = 59A101FD29BAA287000CB149 /* Build configuration list for PBXNativeTarget "experimental areaTests" */;
			buildPhases = (
				59A101E229BAA287000CB149 /* Sources */,
				59A101E329BAA287000CB149 /* Frameworks */,
				59A101E429BAA287000CB149 /* Resources */,
			);
			buildRules = (
			);
			dependencies = (
				59A101E829BAA287000CB149 /* PBXTargetDependency */,
			);
			name = "experimental areaTests";
			productName = "experimental areaTests";
			productReference = 59A101E629BAA287000CB149 /* experimental areaTests.xctest */;
			productType = "com.apple.product-type.bundle.unit-test";
		};
		59A101EF29BAA287000CB149 /* experimental areaUITests */ = {
			isa = PBXNativeTarget;
			buildConfigurationList = 59A1020029BAA287000CB149 /* Build configuration list for PBXNativeTarget "experimental areaUITests" */;
			buildPhases = (
				59A101EC29BAA287000CB149 /* Sources */,
				59A101ED29BAA287000CB149 /* Frameworks */,
				59A101EE29BAA287000CB149 /* Resources */,
			);
			buildRules = (
			);
			dependencies = (
				59A101F229BAA287000CB149 /* PBXTargetDependency */,
			);
			name = "experimental areaUITests";
			productName = "experimental areaUITests";
			productReference = 59A101F029BAA287000CB149 /* experimental areaUITests.xctest */;
			productType = "com.apple.product-type.bundle.ui-testing";
		};
/* End PBXNativeTarget section */

/* Begin PBXProject section */
		59A101CE29BAA285000CB149 /* Project object */ = {
			isa = PBXProject;
			attributes = {
				BuildIndependentTargetsInParallel = 1;
				LastSwiftUpdateCheck = 1420;
				LastUpgradeCheck = 1420;
				TargetAttributes = {
					59A101D529BAA285000CB149 = {
						CreatedOnToolsVersion = 14.2;
					};
					59A101E529BAA287000CB149 = {
						CreatedOnToolsVersion = 14.2;
						TestTargetID = 59A101D529BAA285000CB149;
					};
					59A101EF29BAA287000CB149 = {
						CreatedOnToolsVersion = 14.2;
						TestTargetID = 59A101D529BAA285000CB149;
					};
				};
			};
			buildConfigurationList = 59A101D129BAA285000CB149 /* Build configuration list for PBXProject "experimental area" */;
			compatibilityVersion = "Xcode 14.0";
			developmentRegion = en;
			hasScannedForEncodings = 0;
			knownRegions = (
				en,
				Base,
			);
			mainGroup = 59A101CD29BAA285000CB149;
			productRefGroup = 59A101D729BAA285000CB149 /* Products */;
			projectDirPath = "";
			projectRoot = "";
			targets = (
				59A101D529BAA285000CB149 /* experimental area */,
				59A101E529BAA287000CB149 /* experimental areaTests */,
				59A101EF29BAA287000CB149 /* experimental areaUITests */,
			);
		};
/* End PBXProject section */

/* Begin PBXResourcesBuildPhase section */
		59A101D429BAA285000CB149 /* Resources */ = {
			isa = PBXResourcesBuildPhase;
			buildActionMask = 2147483647;
			files = (
				59A101E129BAA287000CB149 /* Preview Assets.xcassets in Resources */,
				59A101DE29BAA287000CB149 /* Assets.xcassets in Resources */,
			);
			runOnlyForDeploymentPostprocessing = 0;
		};
		59A101E429BAA287000CB149 /* Resources */ = {
			isa = PBXResourcesBuildPhase;
			buildActionMask = 2147483647;
			files = (
			);
			runOnlyForDeploymentPostprocessing = 0;
		};
		59A101EE29BAA287000CB149 /* Resources */ = {
			isa = PBXResourcesBuildPhase;
			buildActionMask = 2147483647;
			files = (
			);
			runOnlyForDeploymentPostprocessing = 0;
		};
/* End PBXResourcesBuildPhase section */

/* Begin PBXSourcesBuildPhase section */
		59A101D229BAA285000CB149 /* Sources */ = {
			isa = PBXSourcesBuildPhase;
			buildActionMask = 2147483647;
			files = (
				59A101DC29BAA285000CB149 /* ContentView.swift in Sources */,
				59A101DA29BAA285000CB149 /* experimental_areaApp.swift in Sources */,
			);
			runOnlyForDeploymentPostprocessing = 0;
		};
		59A101E229BAA287000CB149 /* Sources */ = {
			isa = PBXSourcesBuildPhase;
			buildActionMask = 2147483647;
			files = (
				59A101EB29BAA287000CB149 /* experimental_areaTests.swift in Sources */,
			);
			runOnlyForDeploymentPostprocessing = 0;
		};
		59A101EC29BAA287000CB149 /* Sources */ = {
			isa = PBXSourcesBuildPhase;
			buildActionMask = 2147483647;
			files = (
				59A101F529BAA287000CB149 /* experimental_areaUITests.swift in Sources */,
				59A101F729BAA287000CB149 /* experimental_areaUITestsLaunchTests.swift in Sources */,
			);
			runOnlyForDeploymentPostprocessing = 0;
		};
/* End PBXSourcesBuildPhase section */

/* Begin PBXTargetDependency section */
		59A101E829BAA287000CB149 /* PBXTargetDependency */ = {
			isa = PBXTargetDependency;
			target = 59A101D529BAA285000CB149 /* experimental area */;
			targetProxy = 59A101E729BAA287000CB149 /* PBXContainerItemProxy */;
		};
		59A101F229BAA287000CB149 /* PBXTargetDependency */ = {
			isa = PBXTargetDependency;
			target = 59A101D529BAA285000CB149 /* experimental area */;
			targetProxy = 59A101F129BAA287000CB149 /* PBXContainerItemProxy */;
		};
/* End PBXTargetDependency section */

/* Begin XCBuildConfiguration section */
		59A101F829BAA287000CB149 /* Debug */ = {
			isa = XCBuildConfiguration;
			buildSettings = {
				ALWAYS_SEARCH_USER_PATHS = NO;
				CLANG_ANALYZER_NONNULL = YES;
				CLANG_ANALYZER_NUMBER_OBJECT_CONVERSION = YES_AGGRESSIVE;
				CLANG_CXX_LANGUAGE_STANDARD = "gnu++20";
				CLANG_ENABLE_MODULES = YES;
				CLANG_ENABLE_OBJC_ARC = YES;
				CLANG_ENABLE_OBJC_WEAK = YES;
				CLANG_WARN_BLOCK_CAPTURE_AUTORELEASING = YES;
				CLANG_WARN_BOOL_CONVERSION = YES;
				CLANG_WARN_COMMA = YES;
				CLANG_WARN_CONSTANT_CONVERSION = YES;
				CLANG_WARN_DEPRECATED_OBJC_IMPLEMENTATIONS = YES;
				CLANG_WARN_DIRECT_OBJC_ISA_USAGE = YES_ERROR;
				CLANG_WARN_DOCUMENTATION_COMMENTS = YES;
				CLANG_WARN_EMPTY_BODY = YES;
				CLANG_WARN_ENUM_CONVERSION = YES;
				CLANG_WARN_INFINITE_RECURSION = YES;
				CLANG_WARN_INT_CONVERSION = YES;
				CLANG_WARN_NON_LITERAL_NULL_CONVERSION = YES;
				CLANG_WARN_OBJC_IMPLICIT_RETAIN_SELF = YES;
				CLANG_WARN_OBJC_LITERAL_CONVERSION = YES;
				CLANG_WARN_OBJC_ROOT_CLASS = YES_ERROR;
				CLANG_WARN_QUOTED_INCLUDE_IN_FRAMEWORK_HEADER = YES;
				CLANG_WARN_RANGE_LOOP_ANALYSIS = YES;
				CLANG_WARN_STRICT_PROTOTYPES = YES;
				CLANG_WARN_SUSPICIOUS_MOVE = YES;
				CLANG_WARN_UNGUARDED_AVAILABILITY = YES_AGGRESSIVE;
				CLANG_WARN_UNREACHABLE_CODE = YES;
				CLANG_WARN__DUPLICATE_METHOD_MATCH = YES;
				COPY_PHASE_STRIP = NO;
				DEBUG_INFORMATION_FORMAT = dwarf;
				ENABLE_STRICT_OBJC_MSGSEND = YES;
				ENABLE_TESTABILITY = YES;
				GCC_C_LANGUAGE_STANDARD = gnu11;
				GCC_DYNAMIC_NO_PIC = NO;
				GCC_NO_COMMON_BLOCKS = YES;
				GCC_OPTIMIZATION_LEVEL = 0;
				GCC_PREPROCESSOR_DEFINITIONS = (
					"DEBUG=1",
					"$(inherited)",
				);
				GCC_WARN_64_TO_32_BIT_CONVERSION = YES;
				GCC_WARN_ABOUT_RETURN_TYPE = YES_ERROR;
				GCC_WARN_UNDECLARED_SELECTOR = YES;
				GCC_WARN_UNINITIALIZED_AUTOS = YES_AGGRESSIVE;
				GCC_WARN_UNUSED_FUNCTION = YES;
				GCC_WARN_UNUSED_VARIABLE = YES;
				IPHONEOS_DEPLOYMENT_TARGET = 16.2;
				MTL_ENABLE_DEBUG_INFO = INCLUDE_SOURCE;
				MTL_FAST_MATH = YES;
				ONLY_ACTIVE_ARCH = YES;
				SDKROOT = iphoneos;
				SWIFT_ACTIVE_COMPILATION_CONDITIONS = DEBUG;
				SWIFT_OPTIMIZATION_LEVEL = "-Onone";
			};
			name = Debug;
		};
		59A101F929BAA287000CB149 /* Release */ = {
			isa = XCBuildConfiguration;
			buildSettings = {
				ALWAYS_SEARCH_USER_PATHS = NO;
				CLANG_ANALYZER_NONNULL = YES;
				CLANG_ANALYZER_NUMBER_OBJECT_CONVERSION = YES_AGGRESSIVE;
				CLANG_CXX_LANGUAGE_STANDARD = "gnu++20";
				CLANG_ENABLE_MODULES = YES;
				CLANG_ENABLE_OBJC_ARC = YES;
				CLANG_ENABLE_OBJC_WEAK = YES;
				CLANG_WARN_BLOCK_CAPTURE_AUTORELEASING = YES;
				CLANG_WARN_BOOL_CONVERSION = YES;
				CLANG_WARN_COMMA = YES;
				CLANG_WARN_CONSTANT_CONVERSION = YES;
				CLANG_WARN_DEPRECATED_OBJC_IMPLEMENTATIONS = YES;
				CLANG_WARN_DIRECT_OBJC_ISA_USAGE = YES_ERROR;
				CLANG_WARN_DOCUMENTATION_COMMENTS = YES;
				CLANG_WARN_EMPTY_BODY = YES;
				CLANG_WARN_ENUM_CONVERSION = YES;
				CLANG_WARN_INFINITE_RECURSION = YES;
				CLANG_WARN_INT_CONVERSION = YES;
				CLANG_WARN_NON_LITERAL_NULL_CONVERSION = YES;
				CLANG_WARN_OBJC_IMPLICIT_RETAIN_SELF = YES;
				CLANG_WARN_OBJC_LITERAL_CONVERSION = YES;
				CLANG_WARN_OBJC_ROOT_CLASS = YES_ERROR;
				CLANG_WARN_QUOTED_INCLUDE_IN_FRAMEWORK_HEADER = YES;
				CLANG_WARN_RANGE_LOOP_ANALYSIS = YES;
				CLANG_WARN_STRICT_PROTOTYPES = YES;
				CLANG_WARN_SUSPICIOUS_MOVE = YES;
				CLANG_WARN_UNGUARDED_AVAILABILITY = YES_AGGRESSIVE;
				CLANG_WARN_UNREACHABLE_CODE = YES;
				CLANG_WARN__DUPLICATE_METHOD_MATCH = YES;
				COPY_PHASE_STRIP = NO;
				DEBUG_INFORMATION_FORMAT = "dwarf-with-dsym";
				ENABLE_NS_ASSERTIONS = NO;
				ENABLE_STRICT_OBJC_MSGSEND = YES;
				GCC_C_LANGUAGE_STANDARD = gnu11;
				GCC_NO_COMMON_BLOCKS = YES;
				GCC_WARN_64_TO_32_BIT_CONVERSION = YES;
				GCC_WARN_ABOUT_RETURN_TYPE = YES_ERROR;
				GCC_WARN_UNDECLARED_SELECTOR = YES;
				GCC_WARN_UNINITIALIZED_AUTOS = YES_AGGRESSIVE;
				GCC_WARN_UNUSED_FUNCTION = YES;
				GCC_WARN_UNUSED_VARIABLE = YES;
				IPHONEOS_DEPLOYMENT_TARGET = 16.2;
				MTL_ENABLE_DEBUG_INFO = NO;
				MTL_FAST_MATH = YES;
				SDKROOT = iphoneos;
				SWIFT_COMPILATION_MODE = wholemodule;
				SWIFT_OPTIMIZATION_LEVEL = "-O";
				VALIDATE_PRODUCT = YES;
			};
			name = Release;
		};
		59A101FB29BAA287000CB149 /* Debug */ = {
			isa = XCBuildConfiguration;
			buildSettings = {
				ASSETCATALOG_COMPILER_APPICON_NAME = AppIcon;
				ASSETCATALOG_COMPILER_GLOBAL_ACCENT_COLOR_NAME = AccentColor;
				CODE_SIGN_STYLE = Automatic;
				CURRENT_PROJECT_VERSION = 1;
				DEVELOPMENT_ASSET_PATHS = "\"experimental area/Preview Content\"";
				DEVELOPMENT_TEAM = 8Q8855SSVY;
				ENABLE_PREVIEWS = YES;
				GENERATE_INFOPLIST_FILE = YES;
				INFOPLIST_KEY_UIApplicationSceneManifest_Generation = YES;
				INFOPLIST_KEY_UIApplicationSupportsIndirectInputEvents = YES;
				INFOPLIST_KEY_UILaunchScreen_Generation = YES;
				INFOPLIST_KEY_UISupportedInterfaceOrientations_iPad = "UIInterfaceOrientationPortrait UIInterfaceOrientationPortraitUpsideDown UIInterfaceOrientationLandscapeLeft UIInterfaceOrientationLandscapeRight";
				INFOPLIST_KEY_UISupportedInterfaceOrientations_iPhone = "UIInterfaceOrientationPortrait UIInterfaceOrientationLandscapeLeft UIInterfaceOrientationLandscapeRight";
				LD_RUNPATH_SEARCH_PATHS = (
					"$(inherited)",
					"@executable_path/Frameworks",
				);
				MARKETING_VERSION = 1.0;
				PRODUCT_BUNDLE_IDENTIFIER = "com.ikurlovich.experimental-area";
				PRODUCT_NAME = "$(TARGET_NAME)";
				SWIFT_EMIT_LOC_STRINGS = YES;
				SWIFT_VERSION = 5.0;
				TARGETED_DEVICE_FAMILY = "1,2";
			};
			name = Debug;
		};
		59A101FC29BAA287000CB149 /* Release */ = {
			isa = XCBuildConfiguration;
			buildSettings = {
				ASSETCATALOG_COMPILER_APPICON_NAME = AppIcon;
				ASSETCATALOG_COMPILER_GLOBAL_ACCENT_COLOR_NAME = AccentColor;
				CODE_SIGN_STYLE = Automatic;
				CURRENT_PROJECT_VERSION = 1;
				DEVELOPMENT_ASSET_PATHS = "\"experimental area/Preview Content\"";
				DEVELOPMENT_TEAM = 8Q8855SSVY;
				ENABLE_PREVIEWS = YES;
				GENERATE_INFOPLIST_FILE = YES;
				INFOPLIST_KEY_UIApplicationSceneManifest_Generation = YES;
				INFOPLIST_KEY_UIApplicationSupportsIndirectInputEvents = YES;
				INFOPLIST_KEY_UILaunchScreen_Generation = YES;
				INFOPLIST_KEY_UISupportedInterfaceOrientations_iPad = "UIInterfaceOrientationPortrait UIInterfaceOrientationPortraitUpsideDown UIInterfaceOrientationLandscapeLeft UIInterfaceOrientationLandscapeRight";
				INFOPLIST_KEY_UISupportedInterfaceOrientations_iPhone = "UIInterfaceOrientationPortrait UIInterfaceOrientationLandscapeLeft UIInterfaceOrientationLandscapeRight";
				LD_RUNPATH_SEARCH_PATHS = (
					"$(inherited)",
					"@executable_path/Frameworks",
				);
				MARKETING_VERSION = 1.0;
				PRODUCT_BUNDLE_IDENTIFIER = "com.ikurlovich.experimental-area";
				PRODUCT_NAME = "$(TARGET_NAME)";
				SWIFT_EMIT_LOC_STRINGS = YES;
				SWIFT_VERSION = 5.0;
				TARGETED_DEVICE_FAMILY = "1,2";
			};
			name = Release;
		};
		59A101FE29BAA287000CB149 /* Debug */ = {
			isa = XCBuildConfiguration;
			buildSettings = {
				ALWAYS_EMBED_SWIFT_STANDARD_LIBRARIES = YES;
				BUNDLE_LOADER = "$(TEST_HOST)";
				CODE_SIGN_STYLE = Automatic;
				CURRENT_PROJECT_VERSION = 1;
				DEVELOPMENT_TEAM = 8Q8855SSVY;
				GENERATE_INFOPLIST_FILE = YES;
				IPHONEOS_DEPLOYMENT_TARGET = 16.2;
				MARKETING_VERSION = 1.0;
				PRODUCT_BUNDLE_IDENTIFIER = "com.ikurlovich.experimental-areaTests";
				PRODUCT_NAME = "$(TARGET_NAME)";
				SWIFT_EMIT_LOC_STRINGS = NO;
				SWIFT_VERSION = 5.0;
				TARGETED_DEVICE_FAMILY = "1,2";
				TEST_HOST = "$(BUILT_PRODUCTS_DIR)/experimental area.app/$(BUNDLE_EXECUTABLE_FOLDER_PATH)/experimental area";
			};
			name = Debug;
		};
		59A101FF29BAA287000CB149 /* Release */ = {
			isa = XCBuildConfiguration;
			buildSettings = {
				ALWAYS_EMBED_SWIFT_STANDARD_LIBRARIES = YES;
				BUNDLE_LOADER = "$(TEST_HOST)";
				CODE_SIGN_STYLE = Automatic;
				CURRENT_PROJECT_VERSION = 1;
				DEVELOPMENT_TEAM = 8Q8855SSVY;
				GENERATE_INFOPLIST_FILE = YES;
				IPHONEOS_DEPLOYMENT_TARGET = 16.2;
				MARKETING_VERSION = 1.0;
				PRODUCT_BUNDLE_IDENTIFIER = "com.ikurlovich.experimental-areaTests";
				PRODUCT_NAME = "$(TARGET_NAME)";
				SWIFT_EMIT_LOC_STRINGS = NO;
				SWIFT_VERSION = 5.0;
				TARGETED_DEVICE_FAMILY = "1,2";
				TEST_HOST = "$(BUILT_PRODUCTS_DIR)/experimental area.app/$(BUNDLE_EXECUTABLE_FOLDER_PATH)/experimental area";
			};
			name = Release;
		};
		59A1020129BAA287000CB149 /* Debug */ = {
			isa = XCBuildConfiguration;
			buildSettings = {
				ALWAYS_EMBED_SWIFT_STANDARD_LIBRARIES = YES;
				CODE_SIGN_STYLE = Automatic;
				CURRENT_PROJECT_VERSION = 1;
				DEVELOPMENT_TEAM = 8Q8855SSVY;
				GENERATE_INFOPLIST_FILE = YES;
				MARKETING_VERSION = 1.0;
				PRODUCT_BUNDLE_IDENTIFIER = "com.ikurlovich.experimental-areaUITests";
				PRODUCT_NAME = "$(TARGET_NAME)";
				SWIFT_EMIT_LOC_STRINGS = NO;
				SWIFT_VERSION = 5.0;
				TARGETED_DEVICE_FAMILY = "1,2";
				TEST_TARGET_NAME = "experimental area";
			};
			name = Debug;
		};
		59A1020229BAA287000CB149 /* Release */ = {
			isa = XCBuildConfiguration;
			buildSettings = {
				ALWAYS_EMBED_SWIFT_STANDARD_LIBRARIES = YES;
				CODE_SIGN_STYLE = Automatic;
				CURRENT_PROJECT_VERSION = 1;
				DEVELOPMENT_TEAM = 8Q8855SSVY;
				GENERATE_INFOPLIST_FILE = YES;
				MARKETING_VERSION = 1.0;
				PRODUCT_BUNDLE_IDENTIFIER = "com.ikurlovich.experimental-areaUITests";
				PRODUCT_NAME = "$(TARGET_NAME)";
				SWIFT_EMIT_LOC_STRINGS = NO;
				SWIFT_VERSION = 5.0;
				TARGETED_DEVICE_FAMILY = "1,2";
				TEST_TARGET_NAME = "experimental area";
			};
			name = Release;
		};
/* End XCBuildConfiguration section */

/* Begin XCConfigurationList section */
		59A101D129BAA285000CB149 /* Build configuration list for PBXProject "experimental area" */ = {
			isa = XCConfigurationList;
			buildConfigurations = (
				59A101F829BAA287000CB149 /* Debug */,
				59A101F929BAA287000CB149 /* Release */,
			);
			defaultConfigurationIsVisible = 0;
			defaultConfigurationName = Release;
		};
		59A101FA29BAA287000CB149 /* Build configuration list for PBXNativeTarget "experimental area" */ = {
			isa = XCConfigurationList;
			buildConfigurations = (
				59A101FB29BAA287000CB149 /* Debug */,
				59A101FC29BAA287000CB149 /* Release */,
			);
			defaultConfigurationIsVisible = 0;
			defaultConfigurationName = Release;
		};
		59A101FD29BAA287000CB149 /* Build configuration list for PBXNativeTarget "experimental areaTests" */ = {
			isa = XCConfigurationList;
			buildConfigurations = (
				59A101FE29BAA287000CB149 /* Debug */,
				59A101FF29BAA287000CB149 /* Release */,
			);
			defaultConfigurationIsVisible = 0;
			defaultConfigurationName = Release;
		};
		59A1020029BAA287000CB149 /* Build configuration list for PBXNativeTarget "experimental areaUITests" */ = {
			isa = XCConfigurationList;
			buildConfigurations = (
				59A1020129BAA287000CB149 /* Debug */,
				59A1020229BAA287000CB149 /* Release */,
			);
			defaultConfigurationIsVisible = 0;
			defaultConfigurationName = Release;
		};
/* End XCConfigurationList section */
	};
	rootObject = 59A101CE29BAA285000CB149 /* Project object */;
}
